{
  "name": "cityportal",
  "version": "1.0.0",
  "lockfileVersion": 1,
  "requires": true,
  "dependencies": {
    "@ub-e/ube-pub": {
      "version": "4.2.6",
      "resolved": "http://registry.unitybase.info/@ub-e%2fube-pub/-/ube-pub-4.2.6.tgz",
      "integrity": "sha512-Zp8tLb9/DMqfgHLo7JSQOY7tOojU7bLuTPfqKaaLQukZMVDawv5ZKGZ2/8nUN6DVBzdNO7NqO4c4WaabScUUNQ==",
      "requires": {
        "@unitybase/adminui-pub": "4.3.1",
        "@unitybase/base": "4.3.1",
        "@unitybase/ub-pub": "4.6.1",
        "@unitybase/xlsx": "4.2.1"
      }
    },
    "@unitybase/adminui-pub": {
      "version": "4.3.1",
      "resolved": "http://registry.unitybase.info/@unitybase%2fadminui-pub/-/adminui-pub-4.3.1.tgz",
      "integrity": "sha512-LPP2ibUf65Zgx1Ke5MSHPqbuyn80I93046ZB/ASnRA1kMwCoINkeKeiq9mqDdFQtyvaYeswTJRbn9d211fUspw==",
      "requires": {
        "@unitybase/adminui-reg": "4.1.18",
        "@unitybase/base": "4.3.1",
        "@unitybase/codemirror-full": "1.2.13",
        "@unitybase/ub-pub": "4.6.1",
        "@unitybase/ubm": "4.1.1",
        "@unitybase/xlsx": "4.2.1",
        "bluebird": "3.5.1",
        "bluebird-q": "2.1.1",
        "codemirror": "5.36.0",
        "es6-promise": "4.2.4",
        "file-saver": "1.3.8",
        "font-awesome": "4.7.0",
        "js-beautify": "1.7.5",
        "jszip": "3.1.5",
        "lodash": "4.17.5",
        "mustache": "2.3.0",
        "mxgraph-js": "1.0.1",
        "systemjs": "0.20.19",
        "systemjs-plugin-css": "0.1.37",
        "tinymce": "4.7.11"
      }
    },
    "@unitybase/adminui-reg": {
      "version": "4.1.18",
      "resolved": "http://registry.unitybase.info/@unitybase%2fadminui-reg/-/adminui-reg-4.1.18.tgz",
      "integrity": "sha512-vaIGtP6PP9gc6+vQnHp0szYkiEGYl9jQmLkgmL2/EXhcKJ1oZd39NxbZrhWoZ+OlHRtSQIdYnsWhJlbjaibf/A==",
      "requires": {
        "mustache": "2.3.0"
      }
    },
    "@unitybase/base": {
      "version": "4.3.1",
      "resolved": "http://registry.unitybase.info/@unitybase%2fbase/-/base-4.3.1.tgz",
      "integrity": "sha512-Xhlgkv7/z0fpqppMoVDB0qcvtYTQFVMoGD34OY5JfkL/wGDDGyxW6KukgY5jHz+05729SCM0jnRTlt/TV6TO8Q==",
      "requires": {
        "@unitybase/cryptojs": "1.0.13",
        "lodash": "4.17.5"
      }
    },
    "@unitybase/codemirror-full": {
      "version": "1.2.13",
      "resolved": "http://registry.unitybase.info/@unitybase%2fcodemirror-full/-/codemirror-full-1.2.13.tgz",
      "integrity": "sha512-rw8uhwEE3Qe4grTSNqigoOvf+9EIrv3ymL1ft6cinfm4o66JNB+Nl533hPcxMtqtVqXcqaKsJexW8lh6NzvXBg==",
      "requires": {
        "codemirror": "5.36.0",
        "jshint": "2.9.5",
        "lodash": "4.17.5"
      }
    },
    "@unitybase/cryptojs": {
      "version": "1.0.13",
      "resolved": "http://registry.unitybase.info/@unitybase%2fcryptojs/-/cryptojs-1.0.13.tgz",
      "integrity": "sha512-qIFwM4370BG8UjPipY/fbtXz3WSEeL9d2yVjTgSQfQBQMRiSno8GOg7zrHCxFxUFy+Auc21PRxtQsytZ36Pa0w=="
    },
    "@unitybase/mailer": {
      "version": "4.0.23",
      "resolved": "http://registry.unitybase.info/@unitybase%2fmailer/-/mailer-4.0.23.tgz",
      "integrity": "sha512-tqOko/o22NXPhnWjza7+CV34d0/iuS4Q/oWrQvltFcfdJ5ngf0Bkgix28DhHQpN9jB5A69YTfIL9xNZhHI/5LQ=="
    },
    "@unitybase/mailer-ssl": {
      "version": "4.0.23",
      "resolved": "http://registry.unitybase.info/@unitybase%2fmailer-ssl/-/mailer-ssl-4.0.23.tgz",
      "integrity": "sha512-ffRKpBC9Qd1kv5ZnXLZNovGo7rzfVKh27gdehYjBcBa6uq2ApAX85iXoR2VzQnhIUMhiQYlH03iwbh3qsGof2g==",
      "requires": {
        "@unitybase/mailer": "4.0.23"
      }
    },
    "@unitybase/pdf": {
      "version": "1.1.25",
      "resolved": "http://registry.unitybase.info/@unitybase%2fpdf/-/pdf-1.1.25.tgz",
      "integrity": "sha512-qKX+8tJ37l+NJkoQ81qwhnUqhTYEnOhPf9mbDYAEJkH+bzte8Ryfy6d4eeU4btI3nQQo4pxdyLSImv3hm00ELQ==",
      "requires": {
        "cf-blob.js": "0.0.1",
        "file-saver": "1.3.8",
        "lodash": "4.17.5",
        "xmldom": "0.1.27"
      }
    },
    "@unitybase/ub": {
      "version": "4.1.1",
      "resolved": "http://registry.unitybase.info/@unitybase%2fub/-/ub-4.1.1.tgz",
      "integrity": "sha512-gq5sTStpJDV2t5RhskfgbN7f/mMzhMSHB0XoYaAF+8qY4mrHSSol7qfguOHlWYVbxZy9dW8oZzUJFUdkRFRVHQ==",
      "requires": {
        "@unitybase/base": "4.3.1",
        "mime-types": "2.1.18"
      }
    },
    "@unitybase/ub-pub": {
      "version": "4.6.1",
      "resolved": "http://registry.unitybase.info/@unitybase%2fub-pub/-/ub-pub-4.6.1.tgz",
      "integrity": "sha512-6a/gmwl82Yeei5ao/oNgpS4Obh6x8nOXwYVza6YZtbn6FzCIYHjjyidTrJDwcHAC4Tw/8qf2Y84EAPouIiG9nQ==",
      "requires": {
        "@unitybase/base": "4.3.1",
        "@unitybase/cryptojs": "1.0.13",
        "lodash": "4.17.5"
      }
    },
    "@unitybase/uba": {
      "version": "4.2.1",
      "resolved": "http://registry.unitybase.info/@unitybase%2fuba/-/uba-4.2.1.tgz",
      "integrity": "sha512-OAebLyysO5l/THnPixGXwJ0rs3xI3xgpzXdgmITJQiJXiKAgP5AgM5gS6rVcLgEElZl2fE+XBSg8MKsD8Ej7Ag==",
      "requires": {
        "@unitybase/base": "4.3.1",
        "@unitybase/ub": "4.1.1",
        "asn1js": "2.0.19",
        "pkijs": "2.1.40"
      }
    },
    "@unitybase/ubm": {
      "version": "4.1.1",
      "resolved": "http://registry.unitybase.info/@unitybase%2fubm/-/ubm-4.1.1.tgz",
      "integrity": "sha512-PKVp/KA7ZaXTc71OnmPh3CRwVhKGHcwivLXskvLMQstEg/O+de8e0cmgaGPeDZFJ3tsKFEmZIirRe/1Zs0kmOg==",
      "requires": {
        "@unitybase/base": "4.3.1",
        "@unitybase/ub": "4.1.1",
        "@unitybase/uba": "4.2.1",
        "@unitybase/ubs": "4.2.1"
      }
    },
    "@unitybase/ubq": {
      "version": "4.3.1",
      "resolved": "http://registry.unitybase.info/@unitybase%2fubq/-/ubq-4.3.1.tgz",
      "integrity": "sha512-cyPYRIbzMYJjb2YcS/wbTBmy0WH2u9tIGiwCvbTG/WbAMBZySK/Cw/2eWld34Z2mfn6RdU6z9AbdPZfxm54XpA==",
      "requires": {
        "@unitybase/base": "4.3.1",
        "@unitybase/mailer": "4.0.23",
        "@unitybase/mailer-ssl": "4.0.23",
        "@unitybase/ub": "4.1.1",
        "@unitybase/uba": "4.2.1",
        "node-cron": "1.2.1"
      }
    },
    "@unitybase/ubs": {
      "version": "4.2.1",
      "resolved": "http://registry.unitybase.info/@unitybase%2fubs/-/ubs-4.2.1.tgz",
      "integrity": "sha512-viA3YYlMvm/Wmt/m+zcr0IZFNmgeXsujS1p09pXEjP5BUOCLSsZ6mvly7Ce6et0hL2W4PycNjE89m1o2b3KV+g==",
      "requires": {
        "@unitybase/base": "4.3.1",
        "@unitybase/pdf": "1.1.25",
        "@unitybase/ub": "4.1.1",
        "@unitybase/uba": "4.2.1",
        "@unitybase/xlsx": "4.2.1",
        "mime-types": "2.1.18",
        "mustache": "2.3.0",
        "when": "1.8.1",
        "xmldom": "0.1.27"
      }
    },
    "@unitybase/xlsx": {
      "version": "4.2.1",
      "resolved": "http://registry.unitybase.info/@unitybase%2fxlsx/-/xlsx-4.2.1.tgz",
      "integrity": "sha512-PU8GwMc904+R8z8hver5fvWZYA9VLtH5INfp2Ic5M16Yo8cVH92jovhxuO1LbUD8bhe910EcSByp8gPNitfv2g==",
      "requires": {
        "@unitybase/base": "4.3.1",
        "jszip": "3.1.5",
        "lodash": "4.17.5",
        "mustache": "2.3.0"
      }
    },
    "abbrev": {
      "version": "1.1.1",
      "resolved": "https://registry.npmjs.org/abbrev/-/abbrev-1.1.1.tgz",
      "integrity": "sha512-nne9/IiQ/hzIhY6pdDnbBtz7DjPTKrY00P/zvPSm5pOFkl6xuGrGnXn/VtTNNfNtAfZ9/1RtehkszU9qcTii0Q=="
    },
    "asn1js": {
      "version": "2.0.19",
      "resolved": "https://registry.npmjs.org/asn1js/-/asn1js-2.0.19.tgz",
      "integrity": "sha512-T6vwOFnMceQjRVPXik/maqd46vhfm2urHmywfCtl9GYgoVE/au/swc3wAl/ogP5aw7d2AHNXwJJjUtjZkSTUBQ==",
      "requires": {
        "pvutils": "1.0.12"
      }
    },
    "balanced-match": {
      "version": "1.0.0",
      "resolved": "https://registry.npmjs.org/balanced-match/-/balanced-match-1.0.0.tgz",
      "integrity": "sha1-ibTRmasr7kneFk6gK4nORi1xt2c="
    },
    "bluebird": {
      "version": "3.5.1",
      "resolved": "https://registry.npmjs.org/bluebird/-/bluebird-3.5.1.tgz",
      "integrity": "sha512-MKiLiV+I1AA596t9w1sQJ8jkiSr5+ZKi0WKrYGUn6d1Fx+Ij4tIj+m2WMQSGczs5jZVxV339chE8iwk6F64wjA=="
    },
    "bluebird-q": {
      "version": "2.1.1",
      "resolved": "https://registry.npmjs.org/bluebird-q/-/bluebird-q-2.1.1.tgz",
      "integrity": "sha1-cfk9BVVdYNkPJzKK3Vcw2rlOmYs=",
      "requires": {
        "bluebird": "3.5.1"
      }
    },
    "brace-expansion": {
      "version": "1.1.11",
      "resolved": "https://registry.npmjs.org/brace-expansion/-/brace-expansion-1.1.11.tgz",
      "integrity": "sha512-iCuPHDFgrHX7H2vEI/5xpz07zSHB00TpugqhmYtVmMO6518mCuRMoOYFldEBl0g187ufozdaHgWKcYFb61qGiA==",
      "requires": {
        "balanced-match": "1.0.0",
        "concat-map": "0.0.1"
      }
    },
    "cf-blob.js": {
      "version": "0.0.1",
      "resolved": "https://registry.npmjs.org/cf-blob.js/-/cf-blob.js-0.0.1.tgz",
      "integrity": "sha1-9at+EueYyvCMz4KMaaug8GPYP5k="
    },
    "cli": {
      "version": "1.0.1",
      "resolved": "https://registry.npmjs.org/cli/-/cli-1.0.1.tgz",
      "integrity": "sha1-IoF1NPJL+klQw01TLUjsvGIbjBQ=",
      "requires": {
        "exit": "0.1.2",
        "glob": "7.1.2"
      }
    },
    "codemirror": {
      "version": "5.36.0",
      "resolved": "https://registry.npmjs.org/codemirror/-/codemirror-5.36.0.tgz",
      "integrity": "sha512-XGR+ic+9DSMSE4mD2XLinGrMcIO4xbHpNrPzAFpCW5bjy+Em8fUOTCpagVP/+LLtTQsAROqrq1f55KyRxDcokA=="
    },
    "commander": {
      "version": "2.15.1",
      "resolved": "https://registry.npmjs.org/commander/-/commander-2.15.1.tgz",
      "integrity": "sha512-VlfT9F3V0v+jr4yxPc5gg9s62/fIVWsd2Bk2iD435um1NlGMYdVCq+MjcXnhYq2icNOizHr1kK+5TI6H0Hy0ag=="
    },
    "concat-map": {
      "version": "0.0.1",
      "resolved": "https://registry.npmjs.org/concat-map/-/concat-map-0.0.1.tgz",
      "integrity": "sha1-2Klr13/Wjfd5OnMDajug1UBdR3s="
    },
    "config-chain": {
      "version": "1.1.11",
      "resolved": "https://registry.npmjs.org/config-chain/-/config-chain-1.1.11.tgz",
      "integrity": "sha1-q6CXR9++TD5w52am5BWG4YWfxvI=",
      "requires": {
        "ini": "1.3.5",
        "proto-list": "1.2.4"
      }
    },
    "console-browserify": {
      "version": "1.1.0",
      "resolved": "https://registry.npmjs.org/console-browserify/-/console-browserify-1.1.0.tgz",
      "integrity": "sha1-8CQcRXMKn8YyOyBtvzjtx0HQuxA=",
      "requires": {
        "date-now": "0.1.4"
      }
    },
    "core-js": {
      "version": "2.3.0",
      "resolved": "https://registry.npmjs.org/core-js/-/core-js-2.3.0.tgz",
      "integrity": "sha1-+rg/uwstjchfpjbEudNMdUIMbWU="
    },
    "core-util-is": {
      "version": "1.0.2",
      "resolved": "https://registry.npmjs.org/core-util-is/-/core-util-is-1.0.2.tgz",
      "integrity": "sha1-tf1UIgqivFq1eqtxQMlAdUUDwac="
    },
    "date-now": {
      "version": "0.1.4",
      "resolved": "https://registry.npmjs.org/date-now/-/date-now-0.1.4.tgz",
      "integrity": "sha1-6vQ5/U1ISK105cx9vvIAZyueNFs="
    },
    "dom-serializer": {
      "version": "0.1.0",
      "resolved": "https://registry.npmjs.org/dom-serializer/-/dom-serializer-0.1.0.tgz",
      "integrity": "sha1-BzxpdUbOB4DOI75KKOKT5AvDDII=",
      "requires": {
        "domelementtype": "1.1.3",
        "entities": "1.1.1"
      },
      "dependencies": {
        "domelementtype": {
          "version": "1.1.3",
          "resolved": "https://registry.npmjs.org/domelementtype/-/domelementtype-1.1.3.tgz",
          "integrity": "sha1-vSh3PiZCiBrsUVRJJCmcXNgiGFs="
        },
        "entities": {
          "version": "1.1.1",
          "resolved": "https://registry.npmjs.org/entities/-/entities-1.1.1.tgz",
          "integrity": "sha1-blwtClYhtdra7O+AuQ7ftc13cvA="
        }
      }
    },
    "domelementtype": {
      "version": "1.3.0",
      "resolved": "https://registry.npmjs.org/domelementtype/-/domelementtype-1.3.0.tgz",
      "integrity": "sha1-sXrtguirWeUt2cGbF1bg/BhyBMI="
    },
    "domhandler": {
      "version": "2.3.0",
      "resolved": "https://registry.npmjs.org/domhandler/-/domhandler-2.3.0.tgz",
      "integrity": "sha1-LeWaCCLVAn+r/28DLCsloqir5zg=",
      "requires": {
        "domelementtype": "1.3.0"
      }
    },
    "domutils": {
      "version": "1.5.1",
      "resolved": "https://registry.npmjs.org/domutils/-/domutils-1.5.1.tgz",
      "integrity": "sha1-3NhIiib1Y9YQeeSMn3t+Mjc2gs8=",
      "requires": {
        "dom-serializer": "0.1.0",
        "domelementtype": "1.3.0"
      }
    },
    "editorconfig": {
      "version": "0.13.3",
      "resolved": "https://registry.npmjs.org/editorconfig/-/editorconfig-0.13.3.tgz",
      "integrity": "sha512-WkjsUNVCu+ITKDj73QDvi0trvpdDWdkDyHybDGSXPfekLCqwmpD7CP7iPbvBgosNuLcI96XTDwNa75JyFl7tEQ==",
      "requires": {
        "bluebird": "3.5.1",
        "commander": "2.15.1",
        "lru-cache": "3.2.0",
        "semver": "5.5.0",
        "sigmund": "1.0.1"
      }
    },
    "entities": {
      "version": "1.0.0",
      "resolved": "https://registry.npmjs.org/entities/-/entities-1.0.0.tgz",
      "integrity": "sha1-sph6o4ITR/zeZCsk/fyeT7cSvyY="
    },
    "es6-promise": {
      "version": "4.2.4",
      "resolved": "https://registry.npmjs.org/es6-promise/-/es6-promise-4.2.4.tgz",
      "integrity": "sha512-/NdNZVJg+uZgtm9eS3O6lrOLYmQag2DjdEXuPaHlZ6RuVqgqaVZfgYCepEIKsLqwdQArOPtC3XzRLqGGfT8KQQ=="
    },
    "exit": {
      "version": "0.1.2",
      "resolved": "https://registry.npmjs.org/exit/-/exit-0.1.2.tgz",
      "integrity": "sha1-BjJjj42HfMghB9MKD/8aF8uhzQw="
    },
    "file-saver": {
      "version": "1.3.8",
      "resolved": "https://registry.npmjs.org/file-saver/-/file-saver-1.3.8.tgz",
      "integrity": "sha512-spKHSBQIxxS81N/O21WmuXA2F6wppUCsutpzenOeZzOCCJ5gEfcbqJP983IrpLXzYmXnMUa6J03SubcNPdKrlg=="
    },
    "font-awesome": {
      "version": "4.7.0",
      "resolved": "https://registry.npmjs.org/font-awesome/-/font-awesome-4.7.0.tgz",
      "integrity": "sha1-j6jPBBGhoxr9B7BtKQK7n8gVoTM="
    },
    "fs.realpath": {
      "version": "1.0.0",
      "resolved": "https://registry.npmjs.org/fs.realpath/-/fs.realpath-1.0.0.tgz",
      "integrity": "sha1-FQStJSMVjKpA20onh8sBQRmU6k8="
    },
    "glob": {
      "version": "7.1.2",
      "resolved": "https://registry.npmjs.org/glob/-/glob-7.1.2.tgz",
      "integrity": "sha512-MJTUg1kjuLeQCJ+ccE4Vpa6kKVXkPYJ2mOCQyUuKLcLQsdrMCpBPUi8qVE6+YuaJkozeA9NusTAw3hLr8Xe5EQ==",
      "requires": {
        "fs.realpath": "1.0.0",
        "inflight": "1.0.6",
        "inherits": "2.0.3",
        "minimatch": "3.0.4",
        "once": "1.4.0",
        "path-is-absolute": "1.0.1"
      }
    },
    "htmlparser2": {
      "version": "3.8.3",
      "resolved": "https://registry.npmjs.org/htmlparser2/-/htmlparser2-3.8.3.tgz",
      "integrity": "sha1-mWwosZFRaovoZQGn15dX5ccMEGg=",
      "requires": {
        "domelementtype": "1.3.0",
        "domhandler": "2.3.0",
        "domutils": "1.5.1",
        "entities": "1.0.0",
        "readable-stream": "1.1.14"
      }
    },
    "immediate": {
      "version": "3.0.6",
      "resolved": "https://registry.npmjs.org/immediate/-/immediate-3.0.6.tgz",
      "integrity": "sha1-nbHb0Pr43m++D13V5Wu2BigN5ps="
    },
    "inflight": {
      "version": "1.0.6",
      "resolved": "https://registry.npmjs.org/inflight/-/inflight-1.0.6.tgz",
      "integrity": "sha1-Sb1jMdfQLQwJvJEKEHW6gWW1bfk=",
      "requires": {
        "once": "1.4.0",
        "wrappy": "1.0.2"
      }
    },
    "inherits": {
      "version": "2.0.3",
      "resolved": "https://registry.npmjs.org/inherits/-/inherits-2.0.3.tgz",
      "integrity": "sha1-Yzwsg+PaQqUC9SRmAiSA9CCCYd4="
    },
    "ini": {
      "version": "1.3.5",
      "resolved": "https://registry.npmjs.org/ini/-/ini-1.3.5.tgz",
      "integrity": "sha512-RZY5huIKCMRWDUqZlEi72f/lmXKMvuszcMBduliQ3nnWbx9X/ZBQO7DijMEYS9EhHBb2qacRUMtC7svLwe0lcw=="
    },
    "isarray": {
      "version": "0.0.1",
      "resolved": "https://registry.npmjs.org/isarray/-/isarray-0.0.1.tgz",
      "integrity": "sha1-ihis/Kmo9Bd+Cav8YDiTmwXR7t8="
    },
    "js-beautify": {
      "version": "1.7.5",
      "resolved": "https://registry.npmjs.org/js-beautify/-/js-beautify-1.7.5.tgz",
      "integrity": "sha512-9OhfAqGOrD7hoQBLJMTA+BKuKmoEtTJXzZ7WDF/9gvjtey1koVLuZqIY6c51aPDjbNdNtIXAkiWKVhziawE9Og==",
      "requires": {
        "config-chain": "1.1.11",
        "editorconfig": "0.13.3",
        "mkdirp": "0.5.1",
        "nopt": "3.0.6"
      }
    },
    "jshint": {
      "version": "2.9.5",
      "resolved": "https://registry.npmjs.org/jshint/-/jshint-2.9.5.tgz",
      "integrity": "sha1-HnJSkVzmgbQIJ+4UJIxG006apiw=",
      "requires": {
        "cli": "1.0.1",
        "console-browserify": "1.1.0",
        "exit": "0.1.2",
        "htmlparser2": "3.8.3",
        "lodash": "3.7.0",
        "minimatch": "3.0.4",
        "shelljs": "0.3.0",
        "strip-json-comments": "1.0.4"
      },
      "dependencies": {
        "lodash": {
          "version": "3.7.0",
          "resolved": "https://registry.npmjs.org/lodash/-/lodash-3.7.0.tgz",
          "integrity": "sha1-Nni9irmVBXwHreg27S7wh9qBHUU="
        }
      }
    },
    "jszip": {
      "version": "3.1.5",
      "resolved": "https://registry.npmjs.org/jszip/-/jszip-3.1.5.tgz",
      "integrity": "sha512-5W8NUaFRFRqTOL7ZDDrx5qWHJyBXy6velVudIzQUSoqAAYqzSh2Z7/m0Rf1QbmQJccegD0r+YZxBjzqoBiEeJQ==",
      "requires": {
        "core-js": "2.3.0",
        "es6-promise": "3.0.2",
        "lie": "3.1.1",
        "pako": "1.0.6",
        "readable-stream": "2.0.6"
      },
      "dependencies": {
        "es6-promise": {
          "version": "3.0.2",
          "resolved": "https://registry.npmjs.org/es6-promise/-/es6-promise-3.0.2.tgz",
          "integrity": "sha1-AQ1YWEI6XxGJeWZfRkhqlcbuK7Y="
        },
        "isarray": {
          "version": "1.0.0",
          "resolved": "https://registry.npmjs.org/isarray/-/isarray-1.0.0.tgz",
          "integrity": "sha1-u5NdSFgsuhaMBoNJV6VKPgcSTxE="
        },
        "readable-stream": {
          "version": "2.0.6",
          "resolved": "https://registry.npmjs.org/readable-stream/-/readable-stream-2.0.6.tgz",
          "integrity": "sha1-j5A0HmilPMySh4jaz80Rs265t44=",
          "requires": {
            "core-util-is": "1.0.2",
            "inherits": "2.0.3",
            "isarray": "1.0.0",
            "process-nextick-args": "1.0.7",
            "string_decoder": "0.10.31",
            "util-deprecate": "1.0.2"
          }
        }
      }
    },
    "lie": {
      "version": "3.1.1",
      "resolved": "https://registry.npmjs.org/lie/-/lie-3.1.1.tgz",
      "integrity": "sha1-mkNrLMd0bKWd56QfpGmz77dr2H4=",
      "requires": {
        "immediate": "3.0.6"
      }
    },
    "lodash": {
      "version": "4.17.5",
      "resolved": "https://registry.npmjs.org/lodash/-/lodash-4.17.5.tgz",
      "integrity": "sha512-svL3uiZf1RwhH+cWrfZn3A4+U58wbP0tGVTLQPbjplZxZ8ROD9VLuNgsRniTlLe7OlSqR79RUehXgpBW/s0IQw=="
    },
    "lru-cache": {
      "version": "3.2.0",
      "resolved": "https://registry.npmjs.org/lru-cache/-/lru-cache-3.2.0.tgz",
      "integrity": "sha1-cXibO39Tmb7IVl3aOKow0qCX7+4=",
      "requires": {
        "pseudomap": "1.0.2"
      }
    },
    "mime-db": {
      "version": "1.33.0",
      "resolved": "https://registry.npmjs.org/mime-db/-/mime-db-1.33.0.tgz",
      "integrity": "sha512-BHJ/EKruNIqJf/QahvxwQZXKygOQ256myeN/Ew+THcAa5q+PjyTTMMeNQC4DZw5AwfvelsUrA6B67NKMqXDbzQ=="
    },
    "mime-types": {
      "version": "2.1.18",
      "resolved": "https://registry.npmjs.org/mime-types/-/mime-types-2.1.18.tgz",
      "integrity": "sha512-lc/aahn+t4/SWV/qcmumYjymLsWfN3ELhpmVuUFjgsORruuZPVSwAQryq+HHGvO/SI2KVX26bx+En+zhM8g8hQ==",
      "requires": {
        "mime-db": "1.33.0"
      }
    },
    "minimatch": {
      "version": "3.0.4",
      "resolved": "https://registry.npmjs.org/minimatch/-/minimatch-3.0.4.tgz",
      "integrity": "sha512-yJHVQEhyqPLUTgt9B83PXu6W3rx4MvvHvSUvToogpwoGDOUQ+yDrR0HRot+yOCdCO7u4hX3pWft6kWBBcqh0UA==",
      "requires": {
        "brace-expansion": "1.1.11"
      }
    },
    "minimist": {
      "version": "0.0.8",
      "resolved": "https://registry.npmjs.org/minimist/-/minimist-0.0.8.tgz",
      "integrity": "sha1-hX/Kv8M5fSYluCKCYuhqp6ARsF0="
    },
    "mkdirp": {
      "version": "0.5.1",
      "resolved": "https://registry.npmjs.org/mkdirp/-/mkdirp-0.5.1.tgz",
      "integrity": "sha1-MAV0OOrGz3+MR2fzhkjWaX11yQM=",
      "requires": {
        "minimist": "0.0.8"
      }
    },
    "mustache": {
      "version": "2.3.0",
      "resolved": "https://registry.npmjs.org/mustache/-/mustache-2.3.0.tgz",
      "integrity": "sha1-QCj3d4sXcIpImTCm5SrDvKDaQdA="
    },
    "mxgraph-js": {
      "version": "1.0.1",
      "resolved": "https://registry.npmjs.org/mxgraph-js/-/mxgraph-js-1.0.1.tgz",
      "integrity": "sha1-IXectONRZu0rJAdeqi2UR5kGdaM="
    },
    "node-cron": {
      "version": "1.2.1",
      "resolved": "https://registry.npmjs.org/node-cron/-/node-cron-1.2.1.tgz",
      "integrity": "sha1-jJC8XccjpWKJsHhmVatKHEy2A2g="
    },
    "nopt": {
      "version": "3.0.6",
      "resolved": "https://registry.npmjs.org/nopt/-/nopt-3.0.6.tgz",
      "integrity": "sha1-xkZdvwirzU2zWTF/eaxopkayj/k=",
      "requires": {
        "abbrev": "1.1.1"
      }
    },
    "once": {
      "version": "1.4.0",
      "resolved": "https://registry.npmjs.org/once/-/once-1.4.0.tgz",
      "integrity": "sha1-WDsap3WWHUsROsF9nFC6753Xa9E=",
      "requires": {
        "wrappy": "1.0.2"
      }
    },
    "pako": {
      "version": "1.0.6",
      "resolved": "https://registry.npmjs.org/pako/-/pako-1.0.6.tgz",
      "integrity": "sha512-lQe48YPsMJAig+yngZ87Lus+NF+3mtu7DVOBu6b/gHO1YpKwIj5AWjZ/TOS7i46HD/UixzWb1zeWDZfGZ3iYcg=="
    },
    "path-is-absolute": {
      "version": "1.0.1",
      "resolved": "https://registry.npmjs.org/path-is-absolute/-/path-is-absolute-1.0.1.tgz",
      "integrity": "sha1-F0uSaHNVNP+8es5r9TpanhtcX18="
    },
    "pkijs": {
      "version": "2.1.40",
      "resolved": "https://registry.npmjs.org/pkijs/-/pkijs-2.1.40.tgz",
      "integrity": "sha512-dJyL6KtEdPUAlf2AL6yggYbLxEXkdld6PNvCDLM2vyel0pt4RQifGz/cUsrz+X6WbLuUWvrVUy0mul8GU3utjQ==",
      "requires": {
        "asn1js": "2.0.19",
        "pvutils": "1.0.12"
      },
      "dependencies": {
        "asn1js": {
          "version": "2.0.19",
          "resolved": "https://registry.npmjs.org/asn1js/-/asn1js-2.0.19.tgz",
          "integrity": "sha512-T6vwOFnMceQjRVPXik/maqd46vhfm2urHmywfCtl9GYgoVE/au/swc3wAl/ogP5aw7d2AHNXwJJjUtjZkSTUBQ==",
          "requires": {
            "pvutils": "1.0.12"
          }
        }
      }
    },
    "process-nextick-args": {
      "version": "1.0.7",
      "resolved": "https://registry.npmjs.org/process-nextick-args/-/process-nextick-args-1.0.7.tgz",
      "integrity": "sha1-FQ4gt1ZZCtP5EJPyWk8q2L/zC6M="
    },
    "proto-list": {
      "version": "1.2.4",
      "resolved": "https://registry.npmjs.org/proto-list/-/proto-list-1.2.4.tgz",
      "integrity": "sha1-IS1b/hMYMGpCD2QCuOJv85ZHqEk="
    },
    "pseudomap": {
      "version": "1.0.2",
      "resolved": "https://registry.npmjs.org/pseudomap/-/pseudomap-1.0.2.tgz",
      "integrity": "sha1-8FKijacOYYkX7wqKw0wa5aaChrM="
    },
    "pvutils": {
      "version": "1.0.12",
      "resolved": "https://registry.npmjs.org/pvutils/-/pvutils-1.0.12.tgz",
      "integrity": "sha512-6al4SlHDjWaIoVZ/rGZ2Spppa2Iw4zckiH2p93e7eFBnnDbWOl95wJW9VVRmTuxIXN+H/vIEKwswzR+j8ngNAg=="
    },
    "readable-stream": {
      "version": "1.1.14",
      "resolved": "https://registry.npmjs.org/readable-stream/-/readable-stream-1.1.14.tgz",
      "integrity": "sha1-fPTFTvZI44EwhMY23SB54WbAgdk=",
      "requires": {
        "core-util-is": "1.0.2",
        "inherits": "2.0.3",
        "isarray": "0.0.1",
        "string_decoder": "0.10.31"
      }
    },
    "semver": {
      "version": "5.5.0",
      "resolved": "https://registry.npmjs.org/semver/-/semver-5.5.0.tgz",
      "integrity": "sha512-4SJ3dm0WAwWy/NVeioZh5AntkdJoWKxHxcmyP622fOkgHa4z3R0TdBJICINyaSDE6uNwVc8gZr+ZinwZAH4xIA=="
    },
    "shelljs": {
      "version": "0.3.0",
      "resolved": "https://registry.npmjs.org/shelljs/-/shelljs-0.3.0.tgz",
      "integrity": "sha1-NZbmMHp4FUT1kfN9phg2DzHbV7E="
    },
    "sigmund": {
      "version": "1.0.1",
      "resolved": "https://registry.npmjs.org/sigmund/-/sigmund-1.0.1.tgz",
      "integrity": "sha1-P/IfGYytIXX587eBhT/ZTQ0ZtZA="
    },
    "string_decoder": {
      "version": "0.10.31",
      "resolved": "https://registry.npmjs.org/string_decoder/-/string_decoder-0.10.31.tgz",
      "integrity": "sha1-YuIDvEF2bGwoyfyEMB2rHFMQ+pQ="
    },
    "strip-json-comments": {
      "version": "1.0.4",
      "resolved": "https://registry.npmjs.org/strip-json-comments/-/strip-json-comments-1.0.4.tgz",
      "integrity": "sha1-HhX7ysl9Pumb8tc7TGVrCCu6+5E="
    },
    "systemjs": {
      "version": "0.20.19",
      "resolved": "https://registry.npmjs.org/systemjs/-/systemjs-0.20.19.tgz",
      "integrity": "sha512-H/rKwNEEyej/+IhkmFNmKFyJul8tbH/muiPq5TyNoVTwsGhUjRsN3NlFnFQUvFXA3+GQmsXkCNXU6QKPl779aw=="
    },
    "systemjs-plugin-css": {
      "version": "0.1.37",
      "resolved": "https://registry.npmjs.org/systemjs-plugin-css/-/systemjs-plugin-css-0.1.37.tgz",
      "integrity": "sha512-wCGG62zYXuOlNji5FlBjeMFAnLeAO/HQmFg+8UBX/mlHoAKLHlGFYRstlhGKibRU2oxk/BH9DaihOuhhNLi7Kg=="
    },
    "tinymce": {
      "version": "4.7.11",
      "resolved": "https://registry.npmjs.org/tinymce/-/tinymce-4.7.11.tgz",
      "integrity": "sha512-rLWAibMZa1oFaxucufQxVacbXzt5LJe0lSgsRYlLIi0YOhl6JKFIuYqxlU74UygaAliDlNUX84hlMj7Ky0QmXQ=="
    },
    "util-deprecate": {
      "version": "1.0.2",
      "resolved": "https://registry.npmjs.org/util-deprecate/-/util-deprecate-1.0.2.tgz",
      "integrity": "sha1-RQ1Nyfpw3nMnYvvS1KKJgUGaDM8="
    },
    "when": {
      "version": "1.8.1",
      "resolved": "https://registry.npmjs.org/when/-/when-1.8.1.tgz",
      "integrity": "sha1-7Hb2SF71Ycsr8/p/pFAGs02uT4M="
    },
    "wrappy": {
      "version": "1.0.2",
      "resolved": "https://registry.npmjs.org/wrappy/-/wrappy-1.0.2.tgz",
      "integrity": "sha1-tSQ9jz7BqjXxNkYFvA0QNuMKtp8="
    },
    "xmldom": {
      "version": "0.1.27",
      "resolved": "https://registry.npmjs.org/xmldom/-/xmldom-0.1.27.tgz",
      "integrity": "sha1-1QH5ezvbQDr4757MIFcxh6rawOk="
    }
  }
}
